// !$*UTF8*$!
{
	archiveVersion = 1;
	classes = {
	};
	objectVersion = 48;
	objects = {

/* Begin PBXBuildFile section */
		6D9B6DBF1F8FBD4C00586D2D /* AppDelegate.m in Sources */ = {isa = PBXBuildFile; fileRef = 6D9B6DBE1F8FBD4C00586D2D /* AppDelegate.m */; };
		6D9B6DC21F8FBD4C00586D2D /* ViewController.m in Sources */ = {isa = PBXBuildFile; fileRef = 6D9B6DC11F8FBD4C00586D2D /* ViewController.m */; };
		6D9B6DC51F8FBD4C00586D2D /* Main.storyboard in Resources */ = {isa = PBXBuildFile; fileRef = 6D9B6DC31F8FBD4C00586D2D /* Main.storyboard */; };
		6D9B6DC71F8FBD4C00586D2D /* Assets.xcassets in Resources */ = {isa = PBXBuildFile; fileRef = 6D9B6DC61F8FBD4C00586D2D /* Assets.xcassets */; };
		6D9B6DCA1F8FBD4C00586D2D /* LaunchScreen.storyboard in Resources */ = {isa = PBXBuildFile; fileRef = 6D9B6DC81F8FBD4C00586D2D /* LaunchScreen.storyboard */; };
		6D9B6DCD1F8FBD4C00586D2D /* main.m in Sources */ = {isa = PBXBuildFile; fileRef = 6D9B6DCC1F8FBD4C00586D2D /* main.m */; };
/* End PBXBuildFile section */

/* Begin PBXFileReference section */
		6D9B6DBA1F8FBD4C00586D2D /* 太阳系1.app */ = {isa = PBXFileReference; explicitFileType = wrapper.application; includeInIndex = 0; path = "太阳系1.app"; sourceTree = BUILT_PRODUCTS_DIR; };
		6D9B6DBD1F8FBD4C00586D2D /* AppDelegate.h */ = {isa = PBXFileReference; lastKnownFileType = sourcecode.c.h; path = AppDelegate.h; sourceTree = "<group>"; };
		6D9B6DBE1F8FBD4C00586D2D /* AppDelegate.m */ = {isa = PBXFileReference; lastKnownFileType = sourcecode.c.objc; path = AppDelegate.m; sourceTree = "<group>"; };
		6D9B6DC01F8FBD4C00586D2D /* ViewController.h */ = {isa = PBXFileReference; lastKnownFileType = sourcecode.c.h; path = ViewController.h; sourceTree = "<group>"; };
		6D9B6DC11F8FBD4C00586D2D /* ViewController.m */ = {isa = PBXFileReference; lastKnownFileType = sourcecode.c.objc; path = ViewController.m; sourceTree = "<group>"; };
		6D9B6DC41F8FBD4C00586D2D /* Base */ = {isa = PBXFileReference; lastKnownFileType = file.storyboard; name = Base; path = Base.lproj/Main.storyboard; sourceTree = "<group>"; };
		6D9B6DC61F8FBD4C00586D2D /* Assets.xcassets */ = {isa = PBXFileReference; lastKnownFileType = folder.assetcatalog; path = Assets.xcassets; sourceTree = "<group>"; };
		6D9B6DC91F8FBD4C00586D2D /* Base */ = {isa = PBXFileReference; lastKnownFileType = file.storyboard; name = Base; path = Base.lproj/LaunchScreen.storyboard; sourceTree = "<group>"; };
		6D9B6DCB1F8FBD4C00586D2D /* Info.plist */ = {isa = PBXFileReference; lastKnownFileType = text.plist.xml; path = Info.plist; sourceTree = "<group>"; };
		6D9B6DCC1F8FBD4C00586D2D /* main.m */ = {isa = PBXFileReference; lastKnownFileType = sourcecode.c.objc; path = main.m; sourceTree = "<group>"; };
/* End PBXFileReference section */

/* Begin PBXFrameworksBuildPhase section */
		6D9B6DB71F8FBD4C00586D2D /* Frameworks */ = {
			isa = PBXFrameworksBuildPhase;
			buildActionMask = 2147483647;
			files = (
			);
			runOnlyForDeploymentPostprocessing = 0;
		};
/* End PBXFrameworksBuildPhase section */

/* Begin PBXGroup section */
		6D9B6DB11F8FBD4C00586D2D = {
			isa = PBXGroup;
			children = (
				6D9B6DBC1F8FBD4C00586D2D /* 太阳系1 */,
				6D9B6DBB1F8FBD4C00586D2D /* Products */,
			);
			sourceTree = "<group>";
		};
		6D9B6DBB1F8FBD4C00586D2D /* Products */ = {
			isa = PBXGroup;
			children = (
				6D9B6DBA1F8FBD4C00586D2D /* 太阳系1.app */,
			);
			name = Products;
			sourceTree = "<group>";
		};
		6D9B6DBC1F8FBD4C00586D2D /* 太阳系1 */ = {
			isa = PBXGroup;
			children = (
				6D9B6DBD1F8FBD4C00586D2D /* AppDelegate.h */,
				6D9B6DBE1F8FBD4C00586D2D /* AppDelegate.m */,
				6D9B6DC01F8FBD4C00586D2D /* ViewController.h */,
				6D9B6DC11F8FBD4C00586D2D /* ViewController.m */,
				6D9B6DC31F8FBD4C00586D2D /* Main.storyboard */,
				6D9B6DC61F8FBD4C00586D2D /* Assets.xcassets */,
				6D9B6DC81F8FBD4C00586D2D /* LaunchScreen.storyboard */,
				6D9B6DCB1F8FBD4C00586D2D /* Info.plist */,
				6D9B6DCC1F8FBD4C00586D2D /* main.m */,
			);
			path = "太阳系1";
			sourceTree = "<group>";
		};
/* End PBXGroup section */

/* Begin PBXNativeTarget section */
		6D9B6DB91F8FBD4C00586D2D /* 太阳系1 */ = {
			isa = PBXNativeTarget;
			buildConfigurationList = 6D9B6DD01F8FBD4C00586D2D /* Build configuration list for PBXNativeTarget "太阳系1" */;
			buildPhases = (
				6D9B6DB61F8FBD4C00586D2D /* Sources */,
				6D9B6DB71F8FBD4C00586D2D /* Frameworks */,
				6D9B6DB81F8FBD4C00586D2D /* Resources */,
			);
			buildRules = (
			);
			dependencies = (
			);
			name = "太阳系1";
			productName = "太阳系1";
			productReference = 6D9B6DBA1F8FBD4C00586D2D /* 太阳系1.app */;
			productType = "com.apple.product-type.application";
		};
/* End PBXNativeTarget section */

/* Begin PBXProject section */
		6D9B6DB21F8FBD4C00586D2D /* Project object */ = {
			isa = PBXProject;
			attributes = {
				LastUpgradeCheck = 0900;
				ORGANIZATIONNAME = "姚立飞";
				TargetAttributes = {
					6D9B6DB91F8FBD4C00586D2D = {
						CreatedOnToolsVersion = 9.0;
						ProvisioningStyle = Automatic;
					};
				};
			};
			buildConfigurationList = 6D9B6DB51F8FBD4C00586D2D /* Build configuration list for PBXProject "太阳系1" */;
			compatibilityVersion = "Xcode 8.0";
			developmentRegion = en;
			hasScannedForEncodings = 0;
			knownRegions = (
				en,
				Base,
			);
			mainGroup = 6D9B6DB11F8FBD4C00586D2D;
			productRefGroup = 6D9B6DBB1F8FBD4C00586D2D /* Products */;
			projectDirPath = "";
			projectRoot = "";
			targets = (
				6D9B6DB91F8FBD4C00586D2D /* 太阳系1 */,
			);
		};
/* End PBXProject section */

/* Begin PBXResourcesBuildPhase section */
		6D9B6DB81F8FBD4C00586D2D /* Resources */ = {
			isa = PBXResourcesBuildPhase;
			buildActionMask = 2147483647;
			files = (
				6D9B6DCA1F8FBD4C00586D2D /* LaunchScreen.storyboard in Resources */,
				6D9B6DC71F8FBD4C00586D2D /* Assets.xcassets in Resources */,
				6D9B6DC51F8FBD4C00586D2D /* Main.storyboard in Resources */,
			);
			runOnlyForDeploymentPostprocessing = 0;
		};
/* End PBXResourcesBuildPhase section */

/* Begin PBXSourcesBuildPhase section */
		6D9B6DB61F8FBD4C00586D2D /* Sources */ = {
			isa = PBXSourcesBuildPhase;
			buildActionMask = 2147483647;
			files = (
				6D9B6DC21F8FBD4C00586D2D /* ViewController.m in Sources */,
				6D9B6DCD1F8FBD4C00586D2D /* main.m in Sources */,
				6D9B6DBF1F8FBD4C00586D2D /* AppDelegate.m in Sources */,
			);
			runOnlyForDeploymentPostprocessing = 0;
		};
/* End PBXSourcesBuildPhase section */

/* Begin PBXVariantGroup section */
		6D9B6DC31F8FBD4C00586D2D /* Main.storyboard */ = {
			isa = PBXVariantGroup;
			children = (
				6D9B6DC41F8FBD4C00586D2D /* Base */,
			);
			name = Main.storyboard;
			sourceTree = "<group>";
		};
		6D9B6DC81F8FBD4C00586D2D /* LaunchScreen.storyboard */ = {
			isa = PBXVariantGroup;
			children = (
				6D9B6DC91F8FBD4C00586D2D /* Base */,
			);
			name = LaunchScreen.storyboard;
			sourceTree = "<group>";
		};
/* End PBXVariantGroup section */

/* Begin XCBuildConfiguration section */
		6D9B6DCE1F8FBD4C00586D2D /* Debug */ = {
			isa = XCBuildConfiguration;
			buildSettings = {
				ALWAYS_SEARCH_USER_PATHS = NO;
				CLANG_ANALYZER_NONNULL = YES;
				CLANG_ANALYZER_NUMBER_OBJECT_CONVERSION = YES_AGGRESSIVE;
				CLANG_CXX_LANGUAGE_STANDARD = "gnu++14";
				CLANG_CXX_LIBRARY = "libc++";
				CLANG_ENABLE_MODULES = YES;
				CLANG_ENABLE_OBJC_ARC = YES;
				CLANG_WARN_BLOCK_CAPTURE_AUTORELEASING = YES;
				CLANG_WARN_BOOL_CONVERSION = YES;
				CLANG_WARN_COMMA = YES;
				CLANG_WARN_CONSTANT_CONVERSION = YES;
				CLANG_WARN_DIRECT_OBJC_ISA_USAGE = YES_ERROR;
				CLANG_WARN_DOCUMENTATION_COMMENTS = YES;
				CLANG_WARN_EMPTY_BODY = YES;
				CLANG_WARN_ENUM_CONVERSION = YES;
				CLANG_WARN_INFINITE_RECURSION = YES;
				CLANG_WARN_INT_CONVERSION = YES;
				CLANG_WARN_NON_LITERAL_NULL_CONVERSION = YES;
				CLANG_WARN_OBJC_LITERAL_CONVERSION = YES;
				CLANG_WARN_OBJC_ROOT_CLASS = YES_ERROR;
				CLANG_WARN_RANGE_LOOP_ANALYSIS = YES;
				CLANG_WARN_STRICT_PROTOTYPES = YES;
				CLANG_WARN_SUSPICIOUS_MOVE = YES;
				CLANG_WARN_UNGUARDED_AVAILABILITY = YES_AGGRESSIVE;
				CLANG_WARN_UNREACHABLE_CODE = YES;
				CLANG_WARN__DUPLICATE_METHOD_MATCH = YES;
				CODE_SIGN_IDENTITY = "iPhone Developer";
				COPY_PHASE_STRIP = NO;
				DEBUG_INFORMATION_FORMAT = dwarf;
				ENABLE_STRICT_OBJC_MSGSEND = YES;
				ENABLE_TESTABILITY = YES;
				GCC_C_LANGUAGE_STANDARD = gnu11;
				GCC_DYNAMIC_NO_PIC = NO;
				GCC_NO_COMMON_BLOCKS = YES;
				GCC_OPTIMIZATION_LEVEL = 0;
				GCC_PREPROCESSOR_DEFINITIONS = (
					"DEBUG=1",
					"$(inherited)",
				);
				GCC_WARN_64_TO_32_BIT_CONVERSION = YES;
				GCC_WARN_ABOUT_RETURN_TYPE = YES_ERROR;
				GCC_WARN_UNDECLARED_SELECTOR = YES;
				GCC_WARN_UNINITIALIZED_AUTOS = YES_AGGRESSIVE;
				GCC_WARN_UNUSED_FUNCTION = YES;
				GCC_WARN_UNUSED_VARIABLE = YES;
				IPHONEOS_DEPLOYMENT_TARGET = 11.0;
				MTL_ENABLE_DEBUG_INFO = YES;
				ONLY_ACTIVE_ARCH = YES;
				SDKROOT = iphoneos;
			};
			name = Debug;
		};
		6D9B6DCF1F8FBD4C00586D2D /* Release */ = {
			isa = XCBuildConfiguration;
			buildSettings = {
				ALWAYS_SEARCH_USER_PATHS = NO;
				CLANG_ANALYZER_NONNULL = YES;
				CLANG_ANALYZER_NUMBER_OBJECT_CONVERSION = YES_AGGRESSIVE;
				CLANG_CXX_LANGUAGE_STANDARD = "gnu++14";
				CLANG_CXX_LIBRARY = "libc++";
				CLANG_ENABLE_MODULES = YES;
				CLANG_ENABLE_OBJC_ARC = YES;
				CLANG_WARN_BLOCK_CAPTURE_AUTORELEASING = YES;
				CLANG_WARN_BOOL_CONVERSION = YES;
				CLANG_WARN_COMMA = YES;
				CLANG_WARN_CONSTANT_CONVERSION = YES;
				CLANG_WARN_DIRECT_OBJC_ISA_USAGE = YES_ERROR;
				CLANG_WARN_DOCUMENTATION_COMMENTS = YES;
				CLANG_WARN_EMPTY_BODY = YES;
				CLANG_WARN_ENUM_CONVERSION = YES;
				CLANG_WARN_INFINITE_RECURSION = YES;
				CLANG_WARN_INT_CONVERSION = YES;
				CLANG_WARN_NON_LITERAL_NULL_CONVERSION = YES;
				CLANG_WARN_OBJC_LITERAL_CONVERSION = YES;
				CLANG_WARN_OBJC_ROOT_CLASS = YES_ERROR;
				CLANG_WARN_RANGE_LOOP_ANALYSIS = YES;
				CLANG_WARN_STRICT_PROTOTYPES = YES;
				CLANG_WARN_SUSPICIOUS_MOVE = YES;
				CLANG_WARN_UNGUARDED_AVAILABILITY = YES_AGGRESSIVE;
				CLANG_WARN_UNREACHABLE_CODE = YES;
				CLANG_WARN__DUPLICATE_METHOD_MATCH = YES;
				CODE_SIGN_IDENTITY = "iPhone Developer";
				COPY_PHASE_STRIP = NO;
				DEBUG_INFORMATION_FORMAT = "dwarf-with-dsym";
				ENABLE_NS_ASSERTIONS = NO;
				ENABLE_STRICT_OBJC_MSGSEND = YES;
				GCC_C_LANGUAGE_STANDARD = gnu11;
				GCC_NO_COMMON_BLOCKS = YES;
				GCC_WARN_64_TO_32_BIT_CONVERSION = YES;
				GCC_WARN_ABOUT_RETURN_TYPE = YES_ERROR;
				GCC_WARN_UNDECLARED_SELECTOR = YES;
				GCC_WARN_UNINITIALIZED_AUTOS = YES_AGGRESSIVE;
				GCC_WARN_UNUSED_FUNCTION = YES;
				GCC_WARN_UNUSED_VARIABLE = YES;
				IPHONEOS_DEPLOYMENT_TARGET = 11.0;
				MTL_ENABLE_DEBUG_INFO = NO;
				SDKROOT = iphoneos;
				VALIDATE_PRODUCT = YES;
			};
			name = Release;
		};
		6D9B6DD11F8FBD4C00586D2D /* Debug */ = {
			isa = XCBuildConfiguration;
			buildSettings = {
				ASSETCATALOG_COMPILER_APPICON_NAME = AppIcon;
				CODE_SIGN_STYLE = Automatic;
				DEVELOPMENT_TEAM = 23X43QVEYE;
				INFOPLIST_FILE = "太阳系1/Info.plist";
				LD_RUNPATH_SEARCH_PATHS = "$(inherited) @executable_path/Frameworks";
				PRODUCT_BUNDLE_IDENTIFIER = "com.kk.---1";
				PRODUCT_NAME = "$(TARGET_NAME)";
				TARGETED_DEVICE_FAMILY = "1,2";
			};
			name = Debug;
		};
		6D9B6DD21F8FBD4C00586D2D /* Release */ = {
			isa = XCBuildConfiguration;
			buildSettings = {
				ASSETCATALOG_COMPILER_APPICON_NAME = AppIcon;
				CODE_SIGN_STYLE = Automatic;
				DEVELOPMENT_TEAM = 23X43QVEYE;
				INFOPLIST_FILE = "太阳系1/Info.plist";
				LD_RUNPATH_SEARCH_PATHS = "$(inherited) @executable_path/Frameworks";
				PRODUCT_BUNDLE_IDENTIFIER = "com.kk.---1";
				PRODUCT_NAME = "$(TARGET_NAME)";
				TARGETED_DEVICE_FAMILY = "1,2";
			};
			name = Release;
		};
/* End XCBuildConfiguration section */

/* Begin XCConfigurationList section */
		6D9B6DB51F8FBD4C00586D2D /* Build configuration list for PBXProject "太阳系1" */ = {
			isa = XCConfigurationList;
			buildConfigurations = (
				6D9B6DCE1F8FBD4C00586D2D /* Debug */,
				6D9B6DCF1F8FBD4C00586D2D /* Release */,
			);
			defaultConfigurationIsVisible = 0;
			defaultConfigurationName = Release;
		};
		6D9B6DD01F8FBD4C00586D2D /* Build configuration list for PBXNativeTarget "太阳系1" */ = {
			isa = XCConfigurationList;
			buildConfigurations = (
				6D9B6DD11F8FBD4C00586D2D /* Debug */,
				6D9B6DD21F8FBD4C00586D2D /* Release */,
			);
			defaultConfigurationIsVisible = 0;
			defaultConfigurationName = Release;
		};
/* End XCConfigurationList section */
	};
	rootObject = 6D9B6DB21F8FBD4C00586D2D /* Project object */;
}
